github.com/axllent/ghru v1.1.3 h1:n0jYsuqCYaHHAR6DraXZl8hpBY4j0XV47y5Lyym/jGo=
github.com/axllent/ghru v1.1.3/go.mod h1:rFvMhcO1UAv2Cv6bXscS8EOc7qqNpfe8ZLp23utzs88=
github.com/axllent/semver v0.0.0-20191103011746-394cefa91ee9 h1:LHNcCfePzgC/agAJs5a/5K3hFo8uW04bEdDKDkoX4do=
github.com/axllent/semver v0.0.0-20191103011746-394cefa91ee9/go.mod h1:2xSPzvG8n9mRfdtxSvWvfTfQGWfHsMsHO1iZnKATMSc=
github.com/disintegration/imaging v1.6.1 h1:JnBbK6ECIZb1NsWIikP9pd8gIlTIRx7fuDNpU9fsxOE=
github.com/disintegration/imaging v1.6.1/go.mod h1:xuIt+sRxDFrHS0drzXUlCJthkJ8k7lkkUojDSR247MQ=
github.com/spf13/pflag v1.0.5 h1:iy+VFUOCP1a+8yFto/drg2CJ5u0yRoB7fZw3DKv/JXA=
github.com/spf13/pflag v1.0.5/go.mod h1:McXfInJRrz4CZXVZOBLb0bTZqETkiAhM9Iw0y3An2Bg=
golang.org/x/image v0.0.0-20180708004352-c73c2afc3b81/go.mod h1:ux5Hcp/YLpHSI86hEcLt0YII63i6oz57MZXIpbrjZUs=
golang.org/x/image v0.0.0-20191009234506-e7c1f5e7dbb8 h1:hVwzHzIUGRjiF7EcUjqNxk3NCfkPxbDKRdnNE1Rpg0U=
golang.org/x/image v0.0.0-20191009234506-e7c1f5e7dbb8/go.mod h1:FeLwcggjj3mMvU+oOTbSwawSJRM1uh48EjtB4UJZlP0=
golang.org/x/text v0.3.0/go.mod h1:NqM8EUOU14njkJ3fqMW+pc6Ldnwhi/IjpwHt7yyuwOQ=
