github.com/axllent/ghru/v2 v2.0.1 h1:/9XHbMqJRGRxlyNMq2XiHQpBLz7hlq8xCdgJ4ZhjCoM=
github.com/axllent/ghru/v2 v2.0.1/go.mod h1:seMMjx8/0r5ZAL7c0vwTPIRoyN0AoTUqAylZEWZWGK4=
github.com/kovidgoyal/imaging v1.6.3 h1:iNPpv7ygiaB/NOztc6APMT7yr9UwBS+rOZwIbAdtyY8=
github.com/kovidgoyal/imaging v1.6.3/go.mod h1:sHvcLOOVhJuto2IoNdPLEqnAUoL5ZfHEF0PpNH+882g=
github.com/spf13/pflag v1.0.5 h1:iy+VFUOCP1a+8yFto/drg2CJ5u0yRoB7fZw3DKv/JXA=
github.com/spf13/pflag v1.0.5/go.mod h1:McXfInJRrz4CZXVZOBLb0bTZqETkiAhM9Iw0y3An2Bg=
golang.org/x/image v0.18.0 h1:jGzIakQa/ZXI1I0Fxvaa9W7yP25TqT6cHIHn+6CqvSQ=
golang.org/x/image v0.18.0/go.mod h1:4yyo5vMFQjVjUcVk4jEQcU9MGy/rulF5WvUILseCM2E=
golang.org/x/mod v0.25.0 h1:n7a+ZbQKQA/Ysbyb0/6IbB1H/X41mKgbhfv7AfG/44w=
golang.org/x/mod v0.25.0/go.mod h1:IXM97Txy2VM4PJ3gI61r1YEk/gAj6zAHN3AdZt6S9Ww=
